
Microsoft Visual Studio Solution File, Format Version 12.00
# Visual Studio 2012
Project("{FAE04EC0-301F-11D3-BF4B-00C04F79EFBC}") = "01.Shool", "Shool\01.Shool.csproj", "{7A6AB4FE-3DDD-4078-8AD5-D665EC28860E}"
EndProject
Project("{FAE04EC0-301F-11D3-BF4B-00C04F79EFBC}") = "02.AbstractClassHuman", "AbstractClassHuman\02.AbstractClassHuman.csproj", "{6B65EF81-5015-4376-92D1-44B1A4944BC5}"
EndProject
Project("{FAE04EC0-301F-11D3-BF4B-00C04F79EFBC}") = "03.Animal", "Animal\03.Animal.csproj", "{10E43D39-1D02-4D08-AB87-86D8DFEE2F48}"
EndProject
Global
	GlobalSection(SolutionConfigurationPlatforms) = preSolution
		Debug|Any CPU = Debug|Any CPU
		Release|Any CPU = Release|Any CPU
	EndGlobalSection
	GlobalSection(ProjectConfigurationPlatforms) = postSolution
		{7A6AB4FE-3DDD-4078-8AD5-D665EC28860E}.Debug|Any CPU.ActiveCfg = Debug|Any CPU
		{7A6AB4FE-3DDD-4078-8AD5-D665EC28860E}.Debug|Any CPU.Build.0 = Debug|Any CPU
		{7A6AB4FE-3DDD-4078-8AD5-D665EC28860E}.Release|Any CPU.ActiveCfg = Release|Any CPU
		{7A6AB4FE-3DDD-4078-8AD5-D665EC28860E}.Release|Any CPU.Build.0 = Release|Any CPU
		{6B65EF81-5015-4376-92D1-44B1A4944BC5}.Debug|Any CPU.ActiveCfg = Debug|Any CPU
		{6B65EF81-5015-4376-92D1-44B1A4944BC5}.Debug|Any CPU.Build.0 = Debug|Any CPU
		{6B65EF81-5015-4376-92D1-44B1A4944BC5}.Release|Any CPU.ActiveCfg = Release|Any CPU
		{6B65EF81-5015-4376-92D1-44B1A4944BC5}.Release|Any CPU.Build.0 = Release|Any CPU
		{10E43D39-1D02-4D08-AB87-86D8DFEE2F48}.Debug|Any CPU.ActiveCfg = Debug|Any CPU
		{10E43D39-1D02-4D08-AB87-86D8DFEE2F48}.Debug|Any CPU.Build.0 = Debug|Any CPU
		{10E43D39-1D02-4D08-AB87-86D8DFEE2F48}.Release|Any CPU.ActiveCfg = Release|Any CPU
		{10E43D39-1D02-4D08-AB87-86D8DFEE2F48}.Release|Any CPU.Build.0 = Release|Any CPU
	EndGlobalSection
	GlobalSection(SolutionProperties) = preSolution
		HideSolutionNode = FALSE
	EndGlobalSection
EndGlobal
